
Microsoft Visual Studio Solution File, Format Version 12.00
# Visual Studio Version 17
VisualStudioVersion = 17.14.36930.0 d17.14
MinimumVisualStudioVersion = 10.0.40219.1
Project("{FAE04EC0-301F-11D3-BF4B-00C04F79EFBC}") = "Acdemico", "Acdemico\Acdemico.csproj", "{62867AE5-D6D2-43E3-A107-6DCEE1521A7B}"
EndProject
Global
	GlobalSection(SolutionConfigurationPlatforms) = preSolution
		Debug|Any CPU = Debug|Any CPU
		Release|Any CPU = Release|Any CPU
	EndGlobalSection
	GlobalSection(ProjectConfigurationPlatforms) = postSolution
		{62867AE5-D6D2-43E3-A107-6DCEE1521A7B}.Debug|Any CPU.ActiveCfg = Debug|Any CPU
		{62867AE5-D6D2-43E3-A107-6DCEE1521A7B}.Debug|Any CPU.Build.0 = Debug|Any CPU
		{62867AE5-D6D2-43E3-A107-6DCEE1521A7B}.Release|Any CPU.ActiveCfg = Release|Any CPU
		{62867AE5-D6D2-43E3-A107-6DCEE1521A7B}.Release|Any CPU.Build.0 = Release|Any CPU
	EndGlobalSection
	GlobalSection(SolutionProperties) = preSolution
		HideSolutionNode = FALSE
	EndGlobalSection
	GlobalSection(ExtensibilityGlobals) = postSolution
		SolutionGuid = {78CA91F7-4CDE-450A-959C-386087AC4DB9}
	EndGlobalSection
EndGlobal
